// !$*UTF8*$!
{
	archiveVersion = 1;
	classes = {
	};
	objectVersion = 50;
	objects = {

/* Begin PBXBuildFile section */
		1F5C3AD3225DC33200E3B468 /* Persistence_macOS.h in Headers */ = {isa = PBXBuildFile; fileRef = 1F5C3AD1225DC33200E3B468 /* Persistence_macOS.h */; settings = {ATTRIBUTES = (Public, ); }; };
		1F5C3B39225DCD5100E3B468 /* Persistence.swift in Sources */ = {isa = PBXBuildFile; fileRef = 1FFAF347224439DF007DFF91 /* Persistence.swift */; };
		1F5C3B3A225DCD5300E3B468 /* Persistence+Errors.swift in Sources */ = {isa = PBXBuildFile; fileRef = 1FFAF351224461B0007DFF91 /* Persistence+Errors.swift */; };
		1F5C3B3B225DCD5300E3B468 /* Persistence+FileLocations.swift in Sources */ = {isa = PBXBuildFile; fileRef = 1FFAF353224461CD007DFF91 /* Persistence+FileLocations.swift */; };
		1FFAF348224439DF007DFF91 /* Persistence.swift in Sources */ = {isa = PBXBuildFile; fileRef = 1FFAF347224439DF007DFF91 /* Persistence.swift */; };
		1FFAF352224461B0007DFF91 /* Persistence+Errors.swift in Sources */ = {isa = PBXBuildFile; fileRef = 1FFAF351224461B0007DFF91 /* Persistence+Errors.swift */; };
		1FFAF354224461CD007DFF91 /* Persistence+FileLocations.swift in Sources */ = {isa = PBXBuildFile; fileRef = 1FFAF353224461CD007DFF91 /* Persistence+FileLocations.swift */; };
/* End PBXBuildFile section */

/* Begin PBXFileReference section */
		1F5C3ACF225DC33200E3B468 /* Persistence_macOS.framework */ = {isa = PBXFileReference; explicitFileType = wrapper.framework; includeInIndex = 0; path = Persistence_macOS.framework; sourceTree = BUILT_PRODUCTS_DIR; };
		1F5C3AD1225DC33200E3B468 /* Persistence_macOS.h */ = {isa = PBXFileReference; lastKnownFileType = sourcecode.c.h; path = Persistence_macOS.h; sourceTree = "<group>"; };
		1F5C3AD2225DC33200E3B468 /* Info.plist */ = {isa = PBXFileReference; lastKnownFileType = text.plist.xml; path = Info.plist; sourceTree = "<group>"; };
		1FFAF2B82244364A007DFF91 /* Persistence_iOS.framework */ = {isa = PBXFileReference; explicitFileType = wrapper.framework; includeInIndex = 0; path = Persistence_iOS.framework; sourceTree = BUILT_PRODUCTS_DIR; };
		1FFAF2BC2244364A007DFF91 /* Info.plist */ = {isa = PBXFileReference; lastKnownFileType = text.plist.xml; path = Info.plist; sourceTree = "<group>"; };
		1FFAF347224439DF007DFF91 /* Persistence.swift */ = {isa = PBXFileReference; fileEncoding = 4; lastKnownFileType = sourcecode.swift; path = Persistence.swift; sourceTree = "<group>"; };
		1FFAF351224461B0007DFF91 /* Persistence+Errors.swift */ = {isa = PBXFileReference; fileEncoding = 4; lastKnownFileType = sourcecode.swift; path = "Persistence+Errors.swift"; sourceTree = "<group>"; };
		1FFAF353224461CD007DFF91 /* Persistence+FileLocations.swift */ = {isa = PBXFileReference; fileEncoding = 4; lastKnownFileType = sourcecode.swift; path = "Persistence+FileLocations.swift"; sourceTree = "<group>"; };
/* End PBXFileReference section */

/* Begin PBXFrameworksBuildPhase section */
		1F5C3ACC225DC33200E3B468 /* Frameworks */ = {
			isa = PBXFrameworksBuildPhase;
			buildActionMask = 2147483647;
			files = (
			);
			runOnlyForDeploymentPostprocessing = 0;
		};
		1FFAF2B52244364A007DFF91 /* Frameworks */ = {
			isa = PBXFrameworksBuildPhase;
			buildActionMask = 2147483647;
			files = (
			);
			runOnlyForDeploymentPostprocessing = 0;
		};
/* End PBXFrameworksBuildPhase section */

/* Begin PBXGroup section */
		1F5C3AD0225DC33200E3B468 /* Persistence_macOS */ = {
			isa = PBXGroup;
			children = (
				1F5C3AD1225DC33200E3B468 /* Persistence_macOS.h */,
				1F5C3AD2225DC33200E3B468 /* Info.plist */,
			);
			path = Persistence_macOS;
			sourceTree = "<group>";
		};
		1FFAF2AE2244364A007DFF91 = {
			isa = PBXGroup;
			children = (
				1FFAF2BA2244364A007DFF91 /* Persistence */,
				1F5C3AD0225DC33200E3B468 /* Persistence_macOS */,
				1FFAF2B92244364A007DFF91 /* Products */,
			);
			sourceTree = "<group>";
		};
		1FFAF2B92244364A007DFF91 /* Products */ = {
			isa = PBXGroup;
			children = (
				1FFAF2B82244364A007DFF91 /* Persistence_iOS.framework */,
				1F5C3ACF225DC33200E3B468 /* Persistence_macOS.framework */,
			);
			name = Products;
			sourceTree = "<group>";
		};
		1FFAF2BA2244364A007DFF91 /* Persistence */ = {
			isa = PBXGroup;
			children = (
				1FFAF2BC2244364A007DFF91 /* Info.plist */,
				1FFAF347224439DF007DFF91 /* Persistence.swift */,
				1FFAF351224461B0007DFF91 /* Persistence+Errors.swift */,
				1FFAF353224461CD007DFF91 /* Persistence+FileLocations.swift */,
			);
			path = Persistence;
			sourceTree = "<group>";
		};
/* End PBXGroup section */

/* Begin PBXHeadersBuildPhase section */
		1F5C3ACA225DC33200E3B468 /* Headers */ = {
			isa = PBXHeadersBuildPhase;
			buildActionMask = 2147483647;
			files = (
				1F5C3AD3225DC33200E3B468 /* Persistence_macOS.h in Headers */,
			);
			runOnlyForDeploymentPostprocessing = 0;
		};
		1FFAF2B32244364A007DFF91 /* Headers */ = {
			isa = PBXHeadersBuildPhase;
			buildActionMask = 2147483647;
			files = (
			);
			runOnlyForDeploymentPostprocessing = 0;
		};
/* End PBXHeadersBuildPhase section */

/* Begin PBXNativeTarget section */
		1F5C3ACE225DC33200E3B468 /* Persistence_macOS */ = {
			isa = PBXNativeTarget;
			buildConfigurationList = 1F5C3AD6225DC33200E3B468 /* Build configuration list for PBXNativeTarget "Persistence_macOS" */;
			buildPhases = (
				1F5C3ACA225DC33200E3B468 /* Headers */,
				1F5C3ACB225DC33200E3B468 /* Sources */,
				1F5C3ACC225DC33200E3B468 /* Frameworks */,
				1F5C3ACD225DC33200E3B468 /* Resources */,
			);
			buildRules = (
			);
			dependencies = (
			);
			name = Persistence_macOS;
			productName = Persistence_macOS;
			productReference = 1F5C3ACF225DC33200E3B468 /* Persistence_macOS.framework */;
			productType = "com.apple.product-type.framework";
		};
		1FFAF2B72244364A007DFF91 /* Persistence_iOS */ = {
			isa = PBXNativeTarget;
			buildConfigurationList = 1FFAF2C02244364A007DFF91 /* Build configuration list for PBXNativeTarget "Persistence_iOS" */;
			buildPhases = (
				1FFAF2B32244364A007DFF91 /* Headers */,
				1FFAF2B42244364A007DFF91 /* Sources */,
				1FFAF2B52244364A007DFF91 /* Frameworks */,
				1FFAF2B62244364A007DFF91 /* Resources */,
			);
			buildRules = (
			);
			dependencies = (
			);
			name = Persistence_iOS;
			productName = Persistence;
			productReference = 1FFAF2B82244364A007DFF91 /* Persistence_iOS.framework */;
			productType = "com.apple.product-type.framework";
		};
/* End PBXNativeTarget section */

/* Begin PBXProject section */
		1FFAF2AF2244364A007DFF91 /* Project object */ = {
			isa = PBXProject;
			attributes = {
				LastUpgradeCheck = 1010;
				ORGANIZATIONNAME = "Southern California Public Radio";
				TargetAttributes = {
					1F5C3ACE225DC33200E3B468 = {
						CreatedOnToolsVersion = 10.2;
					};
					1FFAF2B72244364A007DFF91 = {
						CreatedOnToolsVersion = 10.1;
						LastSwiftMigration = 1020;
					};
				};
			};
			buildConfigurationList = 1FFAF2B22244364A007DFF91 /* Build configuration list for PBXProject "Persistence" */;
			compatibilityVersion = "Xcode 9.3";
			developmentRegion = en;
			hasScannedForEncodings = 0;
			knownRegions = (
				en,
				Base,
			);
			mainGroup = 1FFAF2AE2244364A007DFF91;
			productRefGroup = 1FFAF2B92244364A007DFF91 /* Products */;
			projectDirPath = "";
			projectRoot = "";
			targets = (
				1FFAF2B72244364A007DFF91 /* Persistence_iOS */,
				1F5C3ACE225DC33200E3B468 /* Persistence_macOS */,
			);
		};
/* End PBXProject section */

/* Begin PBXResourcesBuildPhase section */
		1F5C3ACD225DC33200E3B468 /* Resources */ = {
			isa = PBXResourcesBuildPhase;
			buildActionMask = 2147483647;
			files = (
			);
			runOnlyForDeploymentPostprocessing = 0;
		};
		1FFAF2B62244364A007DFF91 /* Resources */ = {
			isa = PBXResourcesBuildPhase;
			buildActionMask = 2147483647;
			files = (
			);
			runOnlyForDeploymentPostprocessing = 0;
		};
/* End PBXResourcesBuildPhase section */

/* Begin PBXSourcesBuildPhase section */
		1F5C3ACB225DC33200E3B468 /* Sources */ = {
			isa = PBXSourcesBuildPhase;
			buildActionMask = 2147483647;
			files = (
				1F5C3B3A225DCD5300E3B468 /* Persistence+Errors.swift in Sources */,
				1F5C3B39225DCD5100E3B468 /* Persistence.swift in Sources */,
				1F5C3B3B225DCD5300E3B468 /* Persistence+FileLocations.swift in Sources */,
			);
			runOnlyForDeploymentPostprocessing = 0;
		};
		1FFAF2B42244364A007DFF91 /* Sources */ = {
			isa = PBXSourcesBuildPhase;
			buildActionMask = 2147483647;
			files = (
				1FFAF352224461B0007DFF91 /* Persistence+Errors.swift in Sources */,
				1FFAF354224461CD007DFF91 /* Persistence+FileLocations.swift in Sources */,
				1FFAF348224439DF007DFF91 /* Persistence.swift in Sources */,
			);
			runOnlyForDeploymentPostprocessing = 0;
		};
/* End PBXSourcesBuildPhase section */

/* Begin XCBuildConfiguration section */
		1F5C3AD4225DC33200E3B468 /* Debug */ = {
			isa = XCBuildConfiguration;
			buildSettings = {
				CODE_SIGN_IDENTITY = "-";
				CODE_SIGN_STYLE = Manual;
				COMBINE_HIDPI_IMAGES = YES;
				DEFINES_MODULE = YES;
				DYLIB_COMPATIBILITY_VERSION = 1;
				DYLIB_CURRENT_VERSION = 1;
				DYLIB_INSTALL_NAME_BASE = "@rpath";
				FRAMEWORK_VERSION = A;
				INFOPLIST_FILE = Persistence_macOS/Info.plist;
				INSTALL_PATH = "$(LOCAL_LIBRARY_DIR)/Frameworks";
				LD_RUNPATH_SEARCH_PATHS = (
					"$(inherited)",
					"@executable_path/../Frameworks",
					"@loader_path/Frameworks",
				);
				MACOSX_DEPLOYMENT_TARGET = 10.14;
				PRODUCT_BUNDLE_IDENTIFIER = "org.americanpublicmedia.KPCCRadio.Persistence-macOS";
				PRODUCT_NAME = "$(TARGET_NAME:c99extidentifier)";
				PROVISIONING_PROFILE_SPECIFIER = "";
				SDKROOT = macosx;
				SKIP_INSTALL = YES;
				SWIFT_VERSION = 5.0;
			};
			name = Debug;
		};
		1F5C3AD5225DC33200E3B468 /* Release */ = {
			isa = XCBuildConfiguration;
			buildSettings = {
				CODE_SIGN_IDENTITY = "-";
				CODE_SIGN_STYLE = Manual;
				COMBINE_HIDPI_IMAGES = YES;
				DEFINES_MODULE = YES;
				DYLIB_COMPATIBILITY_VERSION = 1;
				DYLIB_CURRENT_VERSION = 1;
				DYLIB_INSTALL_NAME_BASE = "@rpath";
				FRAMEWORK_VERSION = A;
				INFOPLIST_FILE = Persistence_macOS/Info.plist;
				INSTALL_PATH = "$(LOCAL_LIBRARY_DIR)/Frameworks";
				LD_RUNPATH_SEARCH_PATHS = (
					"$(inherited)",
					"@executable_path/../Frameworks",
					"@loader_path/Frameworks",
				);
				MACOSX_DEPLOYMENT_TARGET = 10.14;
				PRODUCT_BUNDLE_IDENTIFIER = "org.americanpublicmedia.KPCCRadio.Persistence-macOS";
				PRODUCT_NAME = "$(TARGET_NAME:c99extidentifier)";
				PROVISIONING_PROFILE_SPECIFIER = "";
				SDKROOT = macosx;
				SKIP_INSTALL = YES;
				SWIFT_VERSION = 5.0;
			};
			name = Release;
		};
		1FFAF2BE2244364A007DFF91 /* Debug */ = {
			isa = XCBuildConfiguration;
			buildSettings = {
				ALWAYS_SEARCH_USER_PATHS = NO;
				CLANG_ANALYZER_NONNULL = YES;
				CLANG_ANALYZER_NUMBER_OBJECT_CONVERSION = YES_AGGRESSIVE;
				CLANG_CXX_LANGUAGE_STANDARD = "gnu++14";
				CLANG_CXX_LIBRARY = "libc++";
				CLANG_ENABLE_MODULES = YES;
				CLANG_ENABLE_OBJC_ARC = YES;
				CLANG_ENABLE_OBJC_WEAK = YES;
				CLANG_WARN_BLOCK_CAPTURE_AUTORELEASING = YES;
				CLANG_WARN_BOOL_CONVERSION = YES;
				CLANG_WARN_COMMA = YES;
				CLANG_WARN_CONSTANT_CONVERSION = YES;
				CLANG_WARN_DEPRECATED_OBJC_IMPLEMENTATIONS = YES;
				CLANG_WARN_DIRECT_OBJC_ISA_USAGE = YES_ERROR;
				CLANG_WARN_DOCUMENTATION_COMMENTS = YES;
				CLANG_WARN_EMPTY_BODY = YES;
				CLANG_WARN_ENUM_CONVERSION = YES;
				CLANG_WARN_INFINITE_RECURSION = YES;
				CLANG_WARN_INT_CONVERSION = YES;
				CLANG_WARN_NON_LITERAL_NULL_CONVERSION = YES;
				CLANG_WARN_OBJC_IMPLICIT_RETAIN_SELF = YES;
				CLANG_WARN_OBJC_LITERAL_CONVERSION = YES;
				CLANG_WARN_OBJC_ROOT_CLASS = YES_ERROR;
				CLANG_WARN_RANGE_LOOP_ANALYSIS = YES;
				CLANG_WARN_STRICT_PROTOTYPES = YES;
				CLANG_WARN_SUSPICIOUS_MOVE = YES;
				CLANG_WARN_UNGUARDED_AVAILABILITY = YES_AGGRESSIVE;
				CLANG_WARN_UNREACHABLE_CODE = YES;
				CLANG_WARN__DUPLICATE_METHOD_MATCH = YES;
				CODE_SIGN_IDENTITY = "iPhone Developer";
				COPY_PHASE_STRIP = NO;
				CURRENT_PROJECT_VERSION = 1;
				DEBUG_INFORMATION_FORMAT = dwarf;
				ENABLE_STRICT_OBJC_MSGSEND = YES;
				ENABLE_TESTABILITY = YES;
				GCC_C_LANGUAGE_STANDARD = gnu11;
				GCC_DYNAMIC_NO_PIC = NO;
				GCC_NO_COMMON_BLOCKS = YES;
				GCC_OPTIMIZATION_LEVEL = 0;
				GCC_PREPROCESSOR_DEFINITIONS = (
					"DEBUG=1",
					"$(inherited)",
				);
				GCC_WARN_64_TO_32_BIT_CONVERSION = YES;
				GCC_WARN_ABOUT_RETURN_TYPE = YES_ERROR;
				GCC_WARN_UNDECLARED_SELECTOR = YES;
				GCC_WARN_UNINITIALIZED_AUTOS = YES_AGGRESSIVE;
				GCC_WARN_UNUSED_FUNCTION = YES;
				GCC_WARN_UNUSED_VARIABLE = YES;
				IPHONEOS_DEPLOYMENT_TARGET = 10.0;
				MTL_ENABLE_DEBUG_INFO = INCLUDE_SOURCE;
				MTL_FAST_MATH = YES;
				ONLY_ACTIVE_ARCH = YES;
				SDKROOT = iphoneos;
				SKIP_INSTALL = YES;
				SWIFT_ACTIVE_COMPILATION_CONDITIONS = DEBUG;
				SWIFT_INSTALL_OBJC_HEADER = NO;
				SWIFT_OPTIMIZATION_LEVEL = "-Onone";
				VERSIONING_SYSTEM = "apple-generic";
				VERSION_INFO_PREFIX = "";
			};
			name = Debug;
		};
		1FFAF2BF2244364A007DFF91 /* Release */ = {
			isa = XCBuildConfiguration;
			buildSettings = {
				ALWAYS_SEARCH_USER_PATHS = NO;
				CLANG_ANALYZER_NONNULL = YES;
				CLANG_ANALYZER_NUMBER_OBJECT_CONVERSION = YES_AGGRESSIVE;
				CLANG_CXX_LANGUAGE_STANDARD = "gnu++14";
				CLANG_CXX_LIBRARY = "libc++";
				CLANG_ENABLE_MODULES = YES;
				CLANG_ENABLE_OBJC_ARC = YES;
				CLANG_ENABLE_OBJC_WEAK = YES;
				CLANG_WARN_BLOCK_CAPTURE_AUTORELEASING = YES;
				CLANG_WARN_BOOL_CONVERSION = YES;
				CLANG_WARN_COMMA = YES;
				CLANG_WARN_CONSTANT_CONVERSION = YES;
				CLANG_WARN_DEPRECATED_OBJC_IMPLEMENTATIONS = YES;
				CLANG_WARN_DIRECT_OBJC_ISA_USAGE = YES_ERROR;
				CLANG_WARN_DOCUMENTATION_COMMENTS = YES;
				CLANG_WARN_EMPTY_BODY = YES;
				CLANG_WARN_ENUM_CONVERSION = YES;
				CLANG_WARN_INFINITE_RECURSION = YES;
				CLANG_WARN_INT_CONVERSION = YES;
				CLANG_WARN_NON_LITERAL_NULL_CONVERSION = YES;
				CLANG_WARN_OBJC_IMPLICIT_RETAIN_SELF = YES;
				CLANG_WARN_OBJC_LITERAL_CONVERSION = YES;
				CLANG_WARN_OBJC_ROOT_CLASS = YES_ERROR;
				CLANG_WARN_RANGE_LOOP_ANALYSIS = YES;
				CLANG_WARN_STRICT_PROTOTYPES = YES;
				CLANG_WARN_SUSPICIOUS_MOVE = YES;
				CLANG_WARN_UNGUARDED_AVAILABILITY = YES_AGGRESSIVE;
				CLANG_WARN_UNREACHABLE_CODE = YES;
				CLANG_WARN__DUPLICATE_METHOD_MATCH = YES;
				CODE_SIGN_IDENTITY = "iPhone Developer";
				COPY_PHASE_STRIP = NO;
				CURRENT_PROJECT_VERSION = 1;
				DEBUG_INFORMATION_FORMAT = "dwarf-with-dsym";
				ENABLE_NS_ASSERTIONS = NO;
				ENABLE_STRICT_OBJC_MSGSEND = YES;
				GCC_C_LANGUAGE_STANDARD = gnu11;
				GCC_NO_COMMON_BLOCKS = YES;
				GCC_WARN_64_TO_32_BIT_CONVERSION = YES;
				GCC_WARN_ABOUT_RETURN_TYPE = YES_ERROR;
				GCC_WARN_UNDECLARED_SELECTOR = YES;
				GCC_WARN_UNINITIALIZED_AUTOS = YES_AGGRESSIVE;
				GCC_WARN_UNUSED_FUNCTION = YES;
				GCC_WARN_UNUSED_VARIABLE = YES;
				IPHONEOS_DEPLOYMENT_TARGET = 10.0;
				MTL_ENABLE_DEBUG_INFO = NO;
				MTL_FAST_MATH = YES;
				SDKROOT = iphoneos;
				SKIP_INSTALL = YES;
				SWIFT_COMPILATION_MODE = wholemodule;
				SWIFT_INSTALL_OBJC_HEADER = NO;
				SWIFT_OPTIMIZATION_LEVEL = "-O";
				VALIDATE_PRODUCT = YES;
				VERSIONING_SYSTEM = "apple-generic";
				VERSION_INFO_PREFIX = "";
			};
			name = Release;
		};
		1FFAF2C12244364A007DFF91 /* Debug */ = {
			isa = XCBuildConfiguration;
			buildSettings = {
				APPLICATION_EXTENSION_API_ONLY = YES;
				CLANG_ENABLE_MODULES = YES;
				CODE_SIGN_IDENTITY = "";
				CODE_SIGN_STYLE = Manual;
				DEFINES_MODULE = YES;
				DEVELOPMENT_TEAM = "";
				DYLIB_COMPATIBILITY_VERSION = 1;
				DYLIB_CURRENT_VERSION = 1;
				DYLIB_INSTALL_NAME_BASE = "@rpath";
				INFOPLIST_FILE = Persistence/Info.plist;
				INSTALL_PATH = "$(LOCAL_LIBRARY_DIR)/Frameworks";
				LD_RUNPATH_SEARCH_PATHS = (
					"$(inherited)",
					"@executable_path/Frameworks",
					"@loader_path/Frameworks",
				);
				PRODUCT_BUNDLE_IDENTIFIER = "org.americanpublicmedia.KPCCRadio.Persistence-iOS";
				PRODUCT_NAME = "$(TARGET_NAME:c99extidentifier)";
				PROVISIONING_PROFILE_SPECIFIER = "";
				SKIP_INSTALL = YES;
				SWIFT_OPTIMIZATION_LEVEL = "-Onone";
				SWIFT_VERSION = 5.0;
				TARGETED_DEVICE_FAMILY = "1,2";
			};
			name = Debug;
		};
		1FFAF2C22244364A007DFF91 /* Release */ = {
			isa = XCBuildConfiguration;
			buildSettings = {
				APPLICATION_EXTENSION_API_ONLY = YES;
				CLANG_ENABLE_MODULES = YES;
				CODE_SIGN_IDENTITY = "";
				CODE_SIGN_STYLE = Manual;
				DEFINES_MODULE = YES;
				DEVELOPMENT_TEAM = "";
				DYLIB_COMPATIBILITY_VERSION = 1;
				DYLIB_CURRENT_VERSION = 1;
				DYLIB_INSTALL_NAME_BASE = "@rpath";
				INFOPLIST_FILE = Persistence/Info.plist;
				INSTALL_PATH = "$(LOCAL_LIBRARY_DIR)/Frameworks";
				LD_RUNPATH_SEARCH_PATHS = (
					"$(inherited)",
					"@executable_path/Frameworks",
					"@loader_path/Frameworks",
				);
				PRODUCT_BUNDLE_IDENTIFIER = "org.americanpublicmedia.KPCCRadio.Persistence-iOS";
				PRODUCT_NAME = "$(TARGET_NAME:c99extidentifier)";
				PROVISIONING_PROFILE_SPECIFIER = "";
				SKIP_INSTALL = YES;
				SWIFT_VERSION = 5.0;
				TARGETED_DEVICE_FAMILY = "1,2";
			};
			name = Release;
		};
/* End XCBuildConfiguration section */

/* Begin XCConfigurationList section */
		1F5C3AD6225DC33200E3B468 /* Build configuration list for PBXNativeTarget "Persistence_macOS" */ = {
			isa = XCConfigurationList;
			buildConfigurations = (
				1F5C3AD4225DC33200E3B468 /* Debug */,
				1F5C3AD5225DC33200E3B468 /* Release */,
			);
			defaultConfigurationIsVisible = 0;
			defaultConfigurationName = Release;
		};
		1FFAF2B22244364A007DFF91 /* Build configuration list for PBXProject "Persistence" */ = {
			isa = XCConfigurationList;
			buildConfigurations = (
				1FFAF2BE2244364A007DFF91 /* Debug */,
				1FFAF2BF2244364A007DFF91 /* Release */,
			);
			defaultConfigurationIsVisible = 0;
			defaultConfigurationName = Release;
		};
		1FFAF2C02244364A007DFF91 /* Build configuration list for PBXNativeTarget "Persistence_iOS" */ = {
			isa = XCConfigurationList;
			buildConfigurations = (
				1FFAF2C12244364A007DFF91 /* Debug */,
				1FFAF2C22244364A007DFF91 /* Release */,
			);
			defaultConfigurationIsVisible = 0;
			defaultConfigurationName = Release;
		};
/* End XCConfigurationList section */
	};
	rootObject = 1FFAF2AF2244364A007DFF91 /* Project object */;
}
